PODS:
  - boost-for-react-native (1.63.0)
  - Crashlytics (3.14.0):
    - Fabric (~> 1.10.2)
  - DoubleConversion (1.1.6)
  - Fabric (1.10.2)
  - FBLazyVector (0.62.2)
  - FBReactNativeSpec (0.62.2):
    - Folly (= 2018.10.22.00)
    - RCTRequired (= 0.62.2)
    - RCTTypeSafety (= 0.62.2)
    - React-Core (= 0.62.2)
    - React-jsi (= 0.62.2)
    - ReactCommon/turbomodule/core (= 0.62.2)
  - Firebase/Core (6.3.0):
    - Firebase/CoreOnly
    - FirebaseAnalytics (= 6.0.2)
  - Firebase/CoreOnly (6.3.0):
    - FirebaseCore (= 6.0.3)
  - Firebase/Messaging (6.3.0):
    - Firebase/CoreOnly
    - FirebaseMessaging (~> 4.1.0)
  - FirebaseAnalytics (6.0.2):
    - FirebaseCore (~> 6.0)
    - FirebaseInstanceID (~> 4.2)
    - GoogleAppMeasurement (= 6.0.2)
    - GoogleUtilities/AppDelegateSwizzler (~> 6.0)
    - GoogleUtilities/MethodSwizzler (~> 6.0)
    - GoogleUtilities/Network (~> 6.0)
    - "GoogleUtilities/NSData+zlib (~> 6.0)"
    - nanopb (~> 0.3)
  - FirebaseAnalyticsInterop (1.5.0)
  - FirebaseCore (6.0.3):
    - GoogleUtilities/Environment (~> 6.0)
    - GoogleUtilities/Logger (~> 6.0)
  - FirebaseInstanceID (4.2.7):
    - FirebaseCore (~> 6.0)
    - GoogleUtilities/Environment (~> 6.0)
    - GoogleUtilities/UserDefaults (~> 6.0)
  - FirebaseMessaging (4.1.1):
    - FirebaseAnalyticsInterop (~> 1.1)
    - FirebaseCore (~> 6.0)
    - FirebaseInstanceID (~> 4.1)
    - GoogleUtilities/AppDelegateSwizzler (~> 6.2)
    - GoogleUtilities/Environment (~> 6.2)
    - GoogleUtilities/Reachability (~> 6.2)
    - GoogleUtilities/UserDefaults (~> 6.2)
    - Protobuf (~> 3.1)
  - Folly (2018.10.22.00):
    - boost-for-react-native
    - DoubleConversion
    - Folly/Default (= 2018.10.22.00)
    - glog
  - Folly/Default (2018.10.22.00):
    - boost-for-react-native
    - DoubleConversion
    - glog
  - glog (0.3.5)
  - GoogleAppMeasurement (6.0.2):
    - GoogleUtilities/AppDelegateSwizzler (~> 6.0)
    - GoogleUtilities/MethodSwizzler (~> 6.0)
    - GoogleUtilities/Network (~> 6.0)
    - "GoogleUtilities/NSData+zlib (~> 6.0)"
    - nanopb (~> 0.3)
  - GoogleUtilities/AppDelegateSwizzler (6.6.0):
    - GoogleUtilities/Environment
    - GoogleUtilities/Logger
    - GoogleUtilities/Network
  - GoogleUtilities/Environment (6.6.0):
    - PromisesObjC (~> 1.2)
  - GoogleUtilities/Logger (6.6.0):
    - GoogleUtilities/Environment
  - GoogleUtilities/MethodSwizzler (6.6.0):
    - GoogleUtilities/Logger
  - GoogleUtilities/Network (6.6.0):
    - GoogleUtilities/Logger
    - "GoogleUtilities/NSData+zlib"
    - GoogleUtilities/Reachability
  - "GoogleUtilities/NSData+zlib (6.6.0)"
  - GoogleUtilities/Reachability (6.6.0):
    - GoogleUtilities/Logger
  - GoogleUtilities/UserDefaults (6.6.0):
    - GoogleUtilities/Logger
  - libwebp (1.1.0):
    - libwebp/demux (= 1.1.0)
    - libwebp/mux (= 1.1.0)
    - libwebp/webp (= 1.1.0)
  - libwebp/demux (1.1.0):
    - libwebp/webp
  - libwebp/mux (1.1.0):
    - libwebp/demux
  - libwebp/webp (1.1.0)
  - nanopb (0.3.9011):
    - nanopb/decode (= 0.3.9011)
    - nanopb/encode (= 0.3.9011)
  - nanopb/decode (0.3.9011)
  - nanopb/encode (0.3.9011)
  - Permission-BluetoothPeripheral (2.1.4):
    - RNPermissions
  - Permission-Notifications (2.1.4):
    - RNPermissions
  - PromisesObjC (1.2.8)
  - Protobuf (3.11.4)
  - RCTRequired (0.62.2)
  - RCTSystemSetting (1.7.4):
    - React
  - RCTTypeSafety (0.62.2):
    - FBLazyVector (= 0.62.2)
    - Folly (= 2018.10.22.00)
    - RCTRequired (= 0.62.2)
    - React-Core (= 0.62.2)
  - React (0.62.2):
    - React-Core (= 0.62.2)
    - React-Core/DevSupport (= 0.62.2)
    - React-Core/RCTWebSocket (= 0.62.2)
    - React-RCTActionSheet (= 0.62.2)
    - React-RCTAnimation (= 0.62.2)
    - React-RCTBlob (= 0.62.2)
    - React-RCTImage (= 0.62.2)
    - React-RCTLinking (= 0.62.2)
    - React-RCTNetwork (= 0.62.2)
    - React-RCTSettings (= 0.62.2)
    - React-RCTText (= 0.62.2)
    - React-RCTVibration (= 0.62.2)
  - React-Core (0.62.2):
    - Folly (= 2018.10.22.00)
    - glog
    - React-Core/Default (= 0.62.2)
    - React-cxxreact (= 0.62.2)
    - React-jsi (= 0.62.2)
    - React-jsiexecutor (= 0.62.2)
    - Yoga
  - React-Core/CoreModulesHeaders (0.62.2):
    - Folly (= 2018.10.22.00)
    - glog
    - React-Core/Default
    - React-cxxreact (= 0.62.2)
    - React-jsi (= 0.62.2)
    - React-jsiexecutor (= 0.62.2)
    - Yoga
  - React-Core/Default (0.62.2):
    - Folly (= 2018.10.22.00)
    - glog
    - React-cxxreact (= 0.62.2)
    - React-jsi (= 0.62.2)
    - React-jsiexecutor (= 0.62.2)
    - Yoga
  - React-Core/DevSupport (0.62.2):
    - Folly (= 2018.10.22.00)
    - glog
    - React-Core/Default (= 0.62.2)
    - React-Core/RCTWebSocket (= 0.62.2)
    - React-cxxreact (= 0.62.2)
    - React-jsi (= 0.62.2)
    - React-jsiexecutor (= 0.62.2)
    - React-jsinspector (= 0.62.2)
    - Yoga
  - React-Core/RCTActionSheetHeaders (0.62.2):
    - Folly (= 2018.10.22.00)
    - glog
    - React-Core/Default
    - React-cxxreact (= 0.62.2)
    - React-jsi (= 0.62.2)
    - React-jsiexecutor (= 0.62.2)
    - Yoga
  - React-Core/RCTAnimationHeaders (0.62.2):
    - Folly (= 2018.10.22.00)
    - glog
    - React-Core/Default
    - React-cxxreact (= 0.62.2)
    - React-jsi (= 0.62.2)
    - React-jsiexecutor (= 0.62.2)
    - Yoga
  - React-Core/RCTBlobHeaders (0.62.2):
    - Folly (= 2018.10.22.00)
    - glog
    - React-Core/Default
    - React-cxxreact (= 0.62.2)
    - React-jsi (= 0.62.2)
    - React-jsiexecutor (= 0.62.2)
    - Yoga
  - React-Core/RCTImageHeaders (0.62.2):
    - Folly (= 2018.10.22.00)
    - glog
    - React-Core/Default
    - React-cxxreact (= 0.62.2)
    - React-jsi (= 0.62.2)
    - React-jsiexecutor (= 0.62.2)
    - Yoga
  - React-Core/RCTLinkingHeaders (0.62.2):
    - Folly (= 2018.10.22.00)
    - glog
    - React-Core/Default
    - React-cxxreact (= 0.62.2)
    - React-jsi (= 0.62.2)
    - React-jsiexecutor (= 0.62.2)
    - Yoga
  - React-Core/RCTNetworkHeaders (0.62.2):
    - Folly (= 2018.10.22.00)
    - glog
    - React-Core/Default
    - React-cxxreact (= 0.62.2)
    - React-jsi (= 0.62.2)
    - React-jsiexecutor (= 0.62.2)
    - Yoga
  - React-Core/RCTSettingsHeaders (0.62.2):
    - Folly (= 2018.10.22.00)
    - glog
    - React-Core/Default
    - React-cxxreact (= 0.62.2)
    - React-jsi (= 0.62.2)
    - React-jsiexecutor (= 0.62.2)
    - Yoga
  - React-Core/RCTTextHeaders (0.62.2):
    - Folly (= 2018.10.22.00)
    - glog
    - React-Core/Default
    - React-cxxreact (= 0.62.2)
    - React-jsi (= 0.62.2)
    - React-jsiexecutor (= 0.62.2)
    - Yoga
  - React-Core/RCTVibrationHeaders (0.62.2):
    - Folly (= 2018.10.22.00)
    - glog
    - React-Core/Default
    - React-cxxreact (= 0.62.2)
    - React-jsi (= 0.62.2)
    - React-jsiexecutor (= 0.62.2)
    - Yoga
  - React-Core/RCTWebSocket (0.62.2):
    - Folly (= 2018.10.22.00)
    - glog
    - React-Core/Default (= 0.62.2)
    - React-cxxreact (= 0.62.2)
    - React-jsi (= 0.62.2)
    - React-jsiexecutor (= 0.62.2)
    - Yoga
  - React-CoreModules (0.62.2):
    - FBReactNativeSpec (= 0.62.2)
    - Folly (= 2018.10.22.00)
    - RCTTypeSafety (= 0.62.2)
    - React-Core/CoreModulesHeaders (= 0.62.2)
    - React-RCTImage (= 0.62.2)
    - ReactCommon/turbomodule/core (= 0.62.2)
  - React-cxxreact (0.62.2):
    - boost-for-react-native (= 1.63.0)
    - DoubleConversion
    - Folly (= 2018.10.22.00)
    - glog
    - React-jsinspector (= 0.62.2)
  - React-jsi (0.62.2):
    - boost-for-react-native (= 1.63.0)
    - DoubleConversion
    - Folly (= 2018.10.22.00)
    - glog
    - React-jsi/Default (= 0.62.2)
  - React-jsi/Default (0.62.2):
    - boost-for-react-native (= 1.63.0)
    - DoubleConversion
    - Folly (= 2018.10.22.00)
    - glog
  - React-jsiexecutor (0.62.2):
    - DoubleConversion
    - Folly (= 2018.10.22.00)
    - glog
    - React-cxxreact (= 0.62.2)
    - React-jsi (= 0.62.2)
  - React-jsinspector (0.62.2)
  - react-native-bluetooth-status (1.5.0):
    - React
  - react-native-geolocation (2.0.2):
    - React
  - react-native-get-random-values (1.4.0):
    - React
  - react-native-netinfo (5.8.0):
    - React
  - react-native-safe-area-context (0.7.3):
    - React
  - react-native-settings (0.2.3):
    - React
  - react-native-sqlite-storage (5.0.0):
    - React
  - react-native-webview (9.4.0):
    - React
  - React-RCTActionSheet (0.62.2):
    - React-Core/RCTActionSheetHeaders (= 0.62.2)
  - React-RCTAnimation (0.62.2):
    - FBReactNativeSpec (= 0.62.2)
    - Folly (= 2018.10.22.00)
    - RCTTypeSafety (= 0.62.2)
    - React-Core/RCTAnimationHeaders (= 0.62.2)
    - ReactCommon/turbomodule/core (= 0.62.2)
  - React-RCTBlob (0.62.2):
    - FBReactNativeSpec (= 0.62.2)
    - Folly (= 2018.10.22.00)
    - React-Core/RCTBlobHeaders (= 0.62.2)
    - React-Core/RCTWebSocket (= 0.62.2)
    - React-jsi (= 0.62.2)
    - React-RCTNetwork (= 0.62.2)
    - ReactCommon/turbomodule/core (= 0.62.2)
  - React-RCTImage (0.62.2):
    - FBReactNativeSpec (= 0.62.2)
    - Folly (= 2018.10.22.00)
    - RCTTypeSafety (= 0.62.2)
    - React-Core/RCTImageHeaders (= 0.62.2)
    - React-RCTNetwork (= 0.62.2)
    - ReactCommon/turbomodule/core (= 0.62.2)
  - React-RCTLinking (0.62.2):
    - FBReactNativeSpec (= 0.62.2)
    - React-Core/RCTLinkingHeaders (= 0.62.2)
    - ReactCommon/turbomodule/core (= 0.62.2)
  - React-RCTNetwork (0.62.2):
    - FBReactNativeSpec (= 0.62.2)
    - Folly (= 2018.10.22.00)
    - RCTTypeSafety (= 0.62.2)
    - React-Core/RCTNetworkHeaders (= 0.62.2)
    - ReactCommon/turbomodule/core (= 0.62.2)
  - React-RCTSettings (0.62.2):
    - FBReactNativeSpec (= 0.62.2)
    - Folly (= 2018.10.22.00)
    - RCTTypeSafety (= 0.62.2)
    - React-Core/RCTSettingsHeaders (= 0.62.2)
    - ReactCommon/turbomodule/core (= 0.62.2)
  - React-RCTText (0.62.2):
    - React-Core/RCTTextHeaders (= 0.62.2)
  - React-RCTVibration (0.62.2):
    - FBReactNativeSpec (= 0.62.2)
    - Folly (= 2018.10.22.00)
    - React-Core/RCTVibrationHeaders (= 0.62.2)
    - ReactCommon/turbomodule/core (= 0.62.2)
  - ReactCommon/callinvoker (0.62.2):
    - DoubleConversion
    - Folly (= 2018.10.22.00)
    - glog
    - React-cxxreact (= 0.62.2)
  - ReactCommon/turbomodule/core (0.62.2):
    - DoubleConversion
    - Folly (= 2018.10.22.00)
    - glog
    - React-Core (= 0.62.2)
    - React-cxxreact (= 0.62.2)
    - React-jsi (= 0.62.2)
    - ReactCommon/callinvoker (= 0.62.2)
  - RNCAsyncStorage (1.10.0):
    - React
  - RNCMaskedView (0.1.10):
    - React
  - RNCPushNotificationIOS (1.2.0):
    - React
  - RNDeviceInfo (5.5.7):
    - React
  - RNFastImage (8.1.5):
    - React
    - SDWebImage (~> 5.0)
    - SDWebImageWebPCoder (~> 0.4.1)
  - RNFirebase (5.6.0):
    - Firebase/Core
    - React
    - RNFirebase/Crashlytics (= 5.6.0)
  - RNFirebase/Crashlytics (5.6.0):
    - Crashlytics
    - Fabric
    - Firebase/Core
    - React
  - RNFS (2.16.6):
    - React
  - RNGestureHandler (1.6.1):
    - React
  - RNPermissions (2.1.4):
    - React
  - RNReanimated (1.8.0):
    - React
  - RNScreens (2.7.0):
    - React
  - RNShare (3.3.1):
    - React
  - RNSVG (12.1.0):
    - React
  - RNVectorIcons (6.6.0):
    - React
  - SDWebImage (5.7.3):
    - SDWebImage/Core (= 5.7.3)
  - SDWebImage/Core (5.7.3)
  - SDWebImageWebPCoder (0.4.1):
    - libwebp (~> 1.0)
    - SDWebImage/Core (~> 5.5)
  - Yoga (1.14.0)

DEPENDENCIES:
  - DoubleConversion (from `../node_modules/react-native/third-party-podspecs/DoubleConversion.podspec`)
  - FBLazyVector (from `../node_modules/react-native/Libraries/FBLazyVector`)
  - FBReactNativeSpec (from `../node_modules/react-native/Libraries/FBReactNativeSpec`)
  - Firebase/Core (~> 6.3.0)
  - Firebase/Messaging
  - Folly (from `../node_modules/react-native/third-party-podspecs/Folly.podspec`)
  - glog (from `../node_modules/react-native/third-party-podspecs/glog.podspec`)
  - Permission-BluetoothPeripheral (from `../node_modules/react-native-permissions/ios/BluetoothPeripheral.podspec`)
  - Permission-Notifications (from `../node_modules/react-native-permissions/ios/Notifications.podspec`)
  - RCTRequired (from `../node_modules/react-native/Libraries/RCTRequired`)
  - RCTSystemSetting (from `../node_modules/react-native-system-setting`)
  - RCTTypeSafety (from `../node_modules/react-native/Libraries/TypeSafety`)
  - React (from `../node_modules/react-native/`)
  - React-Core (from `../node_modules/react-native/`)
  - React-Core/DevSupport (from `../node_modules/react-native/`)
  - React-Core/RCTWebSocket (from `../node_modules/react-native/`)
  - React-CoreModules (from `../node_modules/react-native/React/CoreModules`)
  - React-cxxreact (from `../node_modules/react-native/ReactCommon/cxxreact`)
  - React-jsi (from `../node_modules/react-native/ReactCommon/jsi`)
  - React-jsiexecutor (from `../node_modules/react-native/ReactCommon/jsiexecutor`)
  - React-jsinspector (from `../node_modules/react-native/ReactCommon/jsinspector`)
  - react-native-bluetooth-status (from `../node_modules/react-native-bluetooth-status`)
  - "react-native-geolocation (from `../node_modules/@react-native-community/geolocation`)"
  - react-native-get-random-values (from `../node_modules/react-native-get-random-values`)
  - "react-native-netinfo (from `../node_modules/@react-native-community/netinfo`)"
  - react-native-safe-area-context (from `../node_modules/react-native-safe-area-context`)
  - react-native-settings (from `../node_modules/react-native-settings`)
  - react-native-sqlite-storage (from `../node_modules/react-native-sqlite-storage`)
  - react-native-webview (from `../node_modules/react-native-webview`)
  - React-RCTActionSheet (from `../node_modules/react-native/Libraries/ActionSheetIOS`)
  - React-RCTAnimation (from `../node_modules/react-native/Libraries/NativeAnimation`)
  - React-RCTBlob (from `../node_modules/react-native/Libraries/Blob`)
  - React-RCTImage (from `../node_modules/react-native/Libraries/Image`)
  - React-RCTLinking (from `../node_modules/react-native/Libraries/LinkingIOS`)
  - React-RCTNetwork (from `../node_modules/react-native/Libraries/Network`)
  - React-RCTSettings (from `../node_modules/react-native/Libraries/Settings`)
  - React-RCTText (from `../node_modules/react-native/Libraries/Text`)
  - React-RCTVibration (from `../node_modules/react-native/Libraries/Vibration`)
  - ReactCommon/callinvoker (from `../node_modules/react-native/ReactCommon`)
  - ReactCommon/turbomodule/core (from `../node_modules/react-native/ReactCommon`)
  - "RNCAsyncStorage (from `../node_modules/@react-native-community/async-storage`)"
  - "RNCMaskedView (from `../node_modules/@react-native-community/masked-view`)"
  - "RNCPushNotificationIOS (from `../node_modules/@react-native-community/push-notification-ios`)"
  - RNDeviceInfo (from `../node_modules/react-native-device-info`)
  - RNFastImage (from `../node_modules/react-native-fast-image`)
  - RNFirebase (from `../node_modules/react-native-firebase/ios`)
  - RNFS (from `../node_modules/react-native-fs`)
  - RNGestureHandler (from `../node_modules/react-native-gesture-handler`)
  - RNPermissions (from `../node_modules/react-native-permissions`)
  - RNReanimated (from `../node_modules/react-native-reanimated`)
  - RNScreens (from `../node_modules/react-native-screens`)
  - RNShare (from `../node_modules/react-native-share`)
  - RNSVG (from `../node_modules/react-native-svg`)
  - RNVectorIcons (from `../node_modules/react-native-vector-icons`)
  - Yoga (from `../node_modules/react-native/ReactCommon/yoga`)

SPEC REPOS:
  trunk:
    - boost-for-react-native
    - Crashlytics
    - Fabric
    - Firebase
    - FirebaseAnalytics
    - FirebaseAnalyticsInterop
    - FirebaseCore
    - FirebaseInstanceID
    - FirebaseMessaging
    - GoogleAppMeasurement
    - GoogleUtilities
    - libwebp
    - nanopb
    - PromisesObjC
    - Protobuf
    - SDWebImage
    - SDWebImageWebPCoder

EXTERNAL SOURCES:
  DoubleConversion:
    :podspec: "../node_modules/react-native/third-party-podspecs/DoubleConversion.podspec"
  FBLazyVector:
    :path: "../node_modules/react-native/Libraries/FBLazyVector"
  FBReactNativeSpec:
    :path: "../node_modules/react-native/Libraries/FBReactNativeSpec"
  Folly:
    :podspec: "../node_modules/react-native/third-party-podspecs/Folly.podspec"
  glog:
    :podspec: "../node_modules/react-native/third-party-podspecs/glog.podspec"
  Permission-BluetoothPeripheral:
    :path: "../node_modules/react-native-permissions/ios/BluetoothPeripheral.podspec"
  Permission-Notifications:
    :path: "../node_modules/react-native-permissions/ios/Notifications.podspec"
  RCTRequired:
    :path: "../node_modules/react-native/Libraries/RCTRequired"
  RCTSystemSetting:
    :path: "../node_modules/react-native-system-setting"
  RCTTypeSafety:
    :path: "../node_modules/react-native/Libraries/TypeSafety"
  React:
    :path: "../node_modules/react-native/"
  React-Core:
    :path: "../node_modules/react-native/"
  React-CoreModules:
    :path: "../node_modules/react-native/React/CoreModules"
  React-cxxreact:
    :path: "../node_modules/react-native/ReactCommon/cxxreact"
  React-jsi:
    :path: "../node_modules/react-native/ReactCommon/jsi"
  React-jsiexecutor:
    :path: "../node_modules/react-native/ReactCommon/jsiexecutor"
  React-jsinspector:
    :path: "../node_modules/react-native/ReactCommon/jsinspector"
  react-native-bluetooth-status:
    :path: "../node_modules/react-native-bluetooth-status"
  react-native-geolocation:
    :path: "../node_modules/@react-native-community/geolocation"
  react-native-get-random-values:
    :path: "../node_modules/react-native-get-random-values"
  react-native-netinfo:
    :path: "../node_modules/@react-native-community/netinfo"
  react-native-safe-area-context:
    :path: "../node_modules/react-native-safe-area-context"
  react-native-settings:
    :path: "../node_modules/react-native-settings"
  react-native-sqlite-storage:
    :path: "../node_modules/react-native-sqlite-storage"
  react-native-webview:
    :path: "../node_modules/react-native-webview"
  React-RCTActionSheet:
    :path: "../node_modules/react-native/Libraries/ActionSheetIOS"
  React-RCTAnimation:
    :path: "../node_modules/react-native/Libraries/NativeAnimation"
  React-RCTBlob:
    :path: "../node_modules/react-native/Libraries/Blob"
  React-RCTImage:
    :path: "../node_modules/react-native/Libraries/Image"
  React-RCTLinking:
    :path: "../node_modules/react-native/Libraries/LinkingIOS"
  React-RCTNetwork:
    :path: "../node_modules/react-native/Libraries/Network"
  React-RCTSettings:
    :path: "../node_modules/react-native/Libraries/Settings"
  React-RCTText:
    :path: "../node_modules/react-native/Libraries/Text"
  React-RCTVibration:
    :path: "../node_modules/react-native/Libraries/Vibration"
  ReactCommon:
    :path: "../node_modules/react-native/ReactCommon"
  RNCAsyncStorage:
    :path: "../node_modules/@react-native-community/async-storage"
  RNCMaskedView:
    :path: "../node_modules/@react-native-community/masked-view"
  RNCPushNotificationIOS:
    :path: "../node_modules/@react-native-community/push-notification-ios"
  RNDeviceInfo:
    :path: "../node_modules/react-native-device-info"
  RNFastImage:
    :path: "../node_modules/react-native-fast-image"
  RNFirebase:
    :path: "../node_modules/react-native-firebase/ios"
  RNFS:
    :path: "../node_modules/react-native-fs"
  RNGestureHandler:
    :path: "../node_modules/react-native-gesture-handler"
  RNPermissions:
    :path: "../node_modules/react-native-permissions"
  RNReanimated:
    :path: "../node_modules/react-native-reanimated"
  RNScreens:
    :path: "../node_modules/react-native-screens"
  RNShare:
    :path: "../node_modules/react-native-share"
  RNSVG:
    :path: "../node_modules/react-native-svg"
  RNVectorIcons:
    :path: "../node_modules/react-native-vector-icons"
  Yoga:
    :path: "../node_modules/react-native/ReactCommon/yoga"

SPEC CHECKSUMS:
  boost-for-react-native: 39c7adb57c4e60d6c5479dd8623128eb5b3f0f2c
  Crashlytics: 540b7e5f5da5a042647227a5e3ac51d85eed06df
  DoubleConversion: 5805e889d232975c086db112ece9ed034df7a0b2
  Fabric: 706c8b8098fff96c33c0db69cbf81f9c551d0d74
  FBLazyVector: 4aab18c93cd9546e4bfed752b4084585eca8b245
  FBReactNativeSpec: 5465d51ccfeecb7faa12f9ae0024f2044ce4044e
  Firebase: 8432d732974498afd5987e9001a05f90f1a3d625
  FirebaseAnalytics: 470ddab7253b21ad5a40bebd4a9903d7ae19386a
  FirebaseAnalyticsInterop: 3f86269c38ae41f47afeb43ebf32a001f58fcdae
  FirebaseCore: 68f8a7f50cdae542715d4e86afa37c4067217dcb
  FirebaseInstanceID: ebd2ea79ee38db0cb5f5167b17a0d387e1cc7b6e
  FirebaseMessaging: 6bb0bdaf64c55fef7a219b7bb1e94e94a0855ced
  Folly: 30e7936e1c45c08d884aa59369ed951a8e68cf51
  glog: 1f3da668190260b06b429bb211bfbee5cd790c28
  GoogleAppMeasurement: a35a645835bae31b6bdc0576396bc23908f12a22
  GoogleUtilities: 39530bc0ad980530298e9c4af8549e991fd033b1
  libwebp: 946cb3063cea9236285f7e9a8505d806d30e07f3
  nanopb: 18003b5e52dab79db540fe93fe9579f399bd1ccd
  Permission-BluetoothPeripheral: 16bb72143890889b25ae16ab15e599ddf0de2e35
  Permission-Notifications: 2d332751cadd3f39bf6062333f36a1bc3e0281d2
  PromisesObjC: c119f3cd559f50b7ae681fa59dc1acd19173b7e6
  Protobuf: 176220c526ad8bd09ab1fb40a978eac3fef665f7
  RCTRequired: cec6a34b3ac8a9915c37e7e4ad3aa74726ce4035
  RCTSystemSetting: f3123e7de51bf918bc4243167ba2885a72bf09ec
  RCTTypeSafety: 93006131180074cffa227a1075802c89a49dd4ce
  React: 29a8b1a02bd764fb7644ef04019270849b9a7ac3
  React-Core: b12bffb3f567fdf99510acb716ef1abd426e0e05
  React-CoreModules: 4a9b87bbe669d6c3173c0132c3328e3b000783d0
  React-cxxreact: e65f9c2ba0ac5be946f53548c1aaaee5873a8103
  React-jsi: b6dc94a6a12ff98e8877287a0b7620d365201161
  React-jsiexecutor: 1540d1c01bb493ae3124ed83351b1b6a155db7da
  React-jsinspector: 512e560d0e985d0e8c479a54a4e5c147a9c83493
  react-native-bluetooth-status: fbe6c12cec22e683bc7658a0248191040d841812
  react-native-geolocation: cbd9d6bd06bac411eed2671810f454d4908484a8
  react-native-get-random-values: 2b7500cdb68066aba87cdccd97067c29e16ffe95
  react-native-netinfo: 6458a467af4b3b7b0b87a179776ba6ba469e4f22
  react-native-safe-area-context: 8260e5157617df4b72865f44006797f895b2ada7
  react-native-settings: 6fc0f38956f8e46460e01c97db7ec3d018f2fdc1
  react-native-sqlite-storage: ce71689c5a73b79390a1ab213555ae80979a5dc7
  react-native-webview: 0e2881d2e3e72ad52a82445c1a116c43205fd471
  React-RCTActionSheet: f41ea8a811aac770e0cc6e0ad6b270c644ea8b7c
  React-RCTAnimation: 49ab98b1c1ff4445148b72a3d61554138565bad0
  React-RCTBlob: a332773f0ebc413a0ce85942a55b064471587a71
  React-RCTImage: e70be9b9c74fe4e42d0005f42cace7981c994ac3
  React-RCTLinking: c1b9739a88d56ecbec23b7f63650e44672ab2ad2
  React-RCTNetwork: 73138b6f45e5a2768ad93f3d57873c2a18d14b44
  React-RCTSettings: 6e3738a87e21b39a8cb08d627e68c44acf1e325a
  React-RCTText: fae545b10cfdb3d247c36c56f61a94cfd6dba41d
  React-RCTVibration: 4356114dbcba4ce66991096e51a66e61eda51256
  ReactCommon: ed4e11d27609d571e7eee8b65548efc191116eb3
  RNCAsyncStorage: b34d2399d3e25db01d5b881949b503bd3c224d57
  RNCMaskedView: f5c7d14d6847b7b44853f7acb6284c1da30a3459
  RNCPushNotificationIOS: 9aa40ed0ff0e53f8ecf3baaaa7e5ccbaa5ba3894
  RNDeviceInfo: 498ccbf8b1361fe858581e3c1193ecee1a031e62
  RNFastImage: 35ae972d6727c84ee3f5c6897e07f84d0a3445e9
  RNFirebase: 37daa9a346d070f9f6ee1f3b4aaf4c8e3b1d5d1c
  RNFS: 2bd9eb49dc82fa9676382f0585b992c424cd59df
  RNGestureHandler: 8f09cd560f8d533eb36da5a6c5a843af9f056b38
  RNPermissions: 8ca17fd6c822eea589fe84709d9426e05cc39c39
  RNReanimated: 955cf4068714003d2f1a6e2bae3fb1118f359aff
  RNScreens: cf198f915f8a2bf163de94ca9f5bfc8d326c3706
  RNShare: d4c9789a93ffa286389ff7b73f44118c8aab412f
  RNSVG: ce9d996113475209013317e48b05c21ee988d42e
  RNVectorIcons: 0bb4def82230be1333ddaeee9fcba45f0b288ed4
  SDWebImage: 97351f6582ceca541ea294ba66a1fcb342a331c2
  SDWebImageWebPCoder: 36f8f47bd9879a8aea6044765c1351120fd8e3a8
  Yoga: 3ebccbdd559724312790e7742142d062476b698e

PODFILE CHECKSUM: fbd095518bf7eb202ae613b6491b71056d9c0153

COCOAPODS: 1.8.4
